{
  "name": "ags",
  "lockfileVersion": 3,
  "requires": true,
  "packages": {
    "": {
      "dependencies": {
        "bun": "^1.1.3"
      }
    },
    "node_modules/@oven/bun-darwin-aarch64": {
      "version": "1.1.3",
      "resolved": "https://registry.npmjs.org/@oven/bun-darwin-aarch64/-/bun-darwin-aarch64-1.1.3.tgz",
      "integrity": "sha512-EgcHnvwC/A6WoF2F6gV1cc09i5CsYbPM6FX0xyEViUuyvC00z9SmhgqvocGFa1eFmKQODQBIZsovxEZxhLqfQw==",
      "cpu": [
        "arm64"
      ],
      "optional": true,
      "os": [
        "darwin"
      ]
    },
    "node_modules/@oven/bun-darwin-x64": {
      "version": "1.1.3",
      "resolved": "https://registry.npmjs.org/@oven/bun-darwin-x64/-/bun-darwin-x64-1.1.3.tgz",
      "integrity": "sha512-WNzpUzUampox5SKLx93JPcm8cRkjLyYKRqYhG7I21+psYtSicbcINoYjpW20NRdlk123u2rmb0a98dEPIj1Xaw==",
      "cpu": [
        "x64"
      ],
      "optional": true,
      "os": [
        "darwin"
      ]
    },
    "node_modules/@oven/bun-darwin-x64-baseline": {
      "version": "1.1.3",
      "resolved": "https://registry.npmjs.org/@oven/bun-darwin-x64-baseline/-/bun-darwin-x64-baseline-1.1.3.tgz",
      "integrity": "sha512-vaxqGRsIJ+lSmFBEACapgQS+mHBSS8XxCaQn7lbjUsr/LnFyNBzgSlDrU7cCVbxXMa7vVqDa/dRJ9rEpi0fqLA==",
      "cpu": [
        "x64"
      ],
      "optional": true,
      "os": [
        "darwin"
      ]
    },
    "node_modules/@oven/bun-linux-aarch64": {
      "version": "1.1.3",
      "resolved": "https://registry.npmjs.org/@oven/bun-linux-aarch64/-/bun-linux-aarch64-1.1.3.tgz",
      "integrity": "sha512-s6rsbpsHzu19wl25WyAbi9yQRCOtigQN3IfbuiL+c71zctI5MGWdMz1yhBcjkFW64t656kGsvhHieS8n3rLjSw==",
      "cpu": [
        "arm64"
      ],
      "optional": true,
      "os": [
        "linux"
      ]
    },
    "node_modules/@oven/bun-linux-x64": {
      "version": "1.1.3",
      "resolved": "https://registry.npmjs.org/@oven/bun-linux-x64/-/bun-linux-x64-1.1.3.tgz",
      "integrity": "sha512-hCAuEKLSjd0XxhgU/K+aZIvmDVnkHK1mSbD7pGWvTN+z2g6Ac64tQSBin+TyhiS4DzOxr2nNelMllFjFMwOd+Q==",
      "cpu": [
        "x64"
      ],
      "optional": true,
      "os": [
        "linux"
      ]
    },
    "node_modules/@oven/bun-linux-x64-baseline": {
      "version": "1.1.3",
      "resolved": "https://registry.npmjs.org/@oven/bun-linux-x64-baseline/-/bun-linux-x64-baseline-1.1.3.tgz",
      "integrity": "sha512-mxw4Lo4c6epzkM/WTYbd8K2EeNoaMxzyYIB69mw26fSZmI/Sr4hmn14/SDZF6qwvnurignlqdYwWRasmhnC2hw==",
      "cpu": [
        "x64"
      ],
      "optional": true,
      "os": [
        "linux"
      ]
    },
    "node_modules/@oven/bun-windows-x64": {
      "version": "1.1.3",
      "resolved": "https://registry.npmjs.org/@oven/bun-windows-x64/-/bun-windows-x64-1.1.3.tgz",
      "integrity": "sha512-IBV+DCOAyaQGhtqQ0gliBprMRBoRGwDBSOQJrQ6Df/0t0R7eyJzl8SyR2C89jZ/vK4VsNMgEv5Mxa6zP7SSQOw==",
      "cpu": [
        "x64"
      ],
      "optional": true,
      "os": [
        "win32"
      ]
    },
    "node_modules/@oven/bun-windows-x64-baseline": {
      "version": "1.1.3",
      "resolved": "https://registry.npmjs.org/@oven/bun-windows-x64-baseline/-/bun-windows-x64-baseline-1.1.3.tgz",
      "integrity": "sha512-LgGYYWA6f5FKp3QeT8PCQ6JpQkz2kLu21i6um4BYyh1U7hZb75LoLzetfhdOJa00hy9Zrt+8Z8QnQ7ffmGevyQ==",
      "cpu": [
        "x64"
      ],
      "optional": true,
      "os": [
        "win32"
      ]
    },
    "node_modules/bun": {
      "version": "1.1.3",
      "resolved": "https://registry.npmjs.org/bun/-/bun-1.1.3.tgz",
      "integrity": "sha512-1jPSmSJcRlBmgBUFbaaw6DKy7HvyotWRNjafZKkhvVHoDhEXK1YRkHo99IG/0vvwj8BmkMnFpQu9R0T7JArllw==",
      "cpu": [
        "arm64",
        "x64"
      ],
      "hasInstallScript": true,
      "os": [
        "darwin",
        "linux",
        "win32"
      ],
      "bin": {
        "bun": "bin/bun.exe",
        "bunx": "bin/bun.exe"
      },
      "optionalDependencies": {
        "@oven/bun-darwin-aarch64": "1.1.3",
        "@oven/bun-darwin-x64": "1.1.3",
        "@oven/bun-darwin-x64-baseline": "1.1.3",
        "@oven/bun-linux-aarch64": "1.1.3",
        "@oven/bun-linux-x64": "1.1.3",
        "@oven/bun-linux-x64-baseline": "1.1.3",
        "@oven/bun-windows-x64": "1.1.3",
        "@oven/bun-windows-x64-baseline": "1.1.3"
      }
    }
  }
}
